// !$*UTF8*$!
{
	archiveVersion = 1;
	classes = {
	};
	objectVersion = 48;
	objects = {

/* Begin PBXBuildFile section */
		14D81D21E50AC799CDB25CE1 /* libPods-chipnflip.a in Frameworks */ = {isa = PBXBuildFile; fileRef = 8A27F4AA2BDEDFED2601984F /* libPods-chipnflip.a */; };
		300359441FC0558200F3B51F /* CNFConnection.m in Sources */ = {isa = PBXBuildFile; fileRef = 300359431FC0558200F3B51F /* CNFConnection.m */; };
		300359481FC0628E00F3B51F /* CNFParser.m in Sources */ = {isa = PBXBuildFile; fileRef = 300359471FC0628E00F3B51F /* CNFParser.m */; };
		3003594A1FC0700900F3B51F /* background.png in Resources */ = {isa = PBXBuildFile; fileRef = 300359491FC0700900F3B51F /* background.png */; };
		3003594D1FC0715B00F3B51F /* CNFTextField.m in Sources */ = {isa = PBXBuildFile; fileRef = 3003594C1FC0715B00F3B51F /* CNFTextField.m */; };
		303D071D1FC004B000FE6D83 /* AppDelegate.m in Sources */ = {isa = PBXBuildFile; fileRef = 303D071C1FC004B000FE6D83 /* AppDelegate.m */; };
		303D071F1FC004B000FE6D83 /* GameScene.sks in Resources */ = {isa = PBXBuildFile; fileRef = 303D071E1FC004B000FE6D83 /* GameScene.sks */; };
		303D07211FC004B000FE6D83 /* Actions.sks in Resources */ = {isa = PBXBuildFile; fileRef = 303D07201FC004B000FE6D83 /* Actions.sks */; };
		303D07241FC004B000FE6D83 /* GameScene.m in Sources */ = {isa = PBXBuildFile; fileRef = 303D07231FC004B000FE6D83 /* GameScene.m */; };
		303D07271FC004B000FE6D83 /* GameViewController.m in Sources */ = {isa = PBXBuildFile; fileRef = 303D07261FC004B000FE6D83 /* GameViewController.m */; };
		303D072A1FC004B000FE6D83 /* Main.storyboard in Resources */ = {isa = PBXBuildFile; fileRef = 303D07281FC004B000FE6D83 /* Main.storyboard */; };
		303D072C1FC004B000FE6D83 /* Assets.xcassets in Resources */ = {isa = PBXBuildFile; fileRef = 303D072B1FC004B000FE6D83 /* Assets.xcassets */; };
		303D072F1FC004B000FE6D83 /* LaunchScreen.storyboard in Resources */ = {isa = PBXBuildFile; fileRef = 303D072D1FC004B000FE6D83 /* LaunchScreen.storyboard */; };
		303D07321FC004B000FE6D83 /* main.m in Sources */ = {isa = PBXBuildFile; fileRef = 303D07311FC004B000FE6D83 /* main.m */; };
		303D35771FC1244E0091719D /* user.png in Resources */ = {isa = PBXBuildFile; fileRef = 303D35761FC1244D0091719D /* user.png */; };
		303D357A1FC127990091719D /* CNFInvertButton.m in Sources */ = {isa = PBXBuildFile; fileRef = 303D35791FC127990091719D /* CNFInvertButton.m */; };
		303D357D1FC138B70091719D /* CNFColor.m in Sources */ = {isa = PBXBuildFile; fileRef = 303D357C1FC138B70091719D /* CNFColor.m */; };
		303D357F1FC13CEF0091719D /* background2.png in Resources */ = {isa = PBXBuildFile; fileRef = 303D357E1FC13CEF0091719D /* background2.png */; };
		303D35811FC13CF70091719D /* icon.png in Resources */ = {isa = PBXBuildFile; fileRef = 303D35801FC13CF60091719D /* icon.png */; };
		303D35831FC142450091719D /* background3.png in Resources */ = {isa = PBXBuildFile; fileRef = 303D35821FC142450091719D /* background3.png */; };
		303D358A1FC14E530091719D /* back.peer.png in Resources */ = {isa = PBXBuildFile; fileRef = 303D35881FC14E530091719D /* back.peer.png */; };
		3046BB061FC012220021F3F0 /* LoginViewController.m in Sources */ = {isa = PBXBuildFile; fileRef = 3046BB051FC012220021F3F0 /* LoginViewController.m */; };
		3046BB0B1FC018E70021F3F0 /* RegistrationViewController.m in Sources */ = {isa = PBXBuildFile; fileRef = 3046BB0A1FC018E70021F3F0 /* RegistrationViewController.m */; };
		3046BB0E1FC01DFA0021F3F0 /* GameInfoViewController.m in Sources */ = {isa = PBXBuildFile; fileRef = 3046BB0D1FC01DFA0021F3F0 /* GameInfoViewController.m */; };
		3046BB151FC033350021F3F0 /* wchip.png in Resources */ = {isa = PBXBuildFile; fileRef = 3046BB131FC033350021F3F0 /* wchip.png */; };
		3046BB161FC033350021F3F0 /* bchip.png in Resources */ = {isa = PBXBuildFile; fileRef = 3046BB141FC033350021F3F0 /* bchip.png */; };
		3046BB191FC0470F0021F3F0 /* CNFButton.m in Sources */ = {isa = PBXBuildFile; fileRef = 3046BB181FC0470F0021F3F0 /* CNFButton.m */; };
/* End PBXBuildFile section */

/* Begin PBXFileReference section */
		300359421FC0558200F3B51F /* CNFConnection.h */ = {isa = PBXFileReference; lastKnownFileType = sourcecode.c.h; path = CNFConnection.h; sourceTree = "<group>"; };
		300359431FC0558200F3B51F /* CNFConnection.m */ = {isa = PBXFileReference; lastKnownFileType = sourcecode.c.objc; path = CNFConnection.m; sourceTree = "<group>"; };
		300359451FC057D400F3B51F /* CNFWeakArray.h */ = {isa = PBXFileReference; lastKnownFileType = sourcecode.c.h; path = CNFWeakArray.h; sourceTree = "<group>"; };
		300359461FC0628E00F3B51F /* CNFParser.h */ = {isa = PBXFileReference; lastKnownFileType = sourcecode.c.h; path = CNFParser.h; sourceTree = "<group>"; };
		300359471FC0628E00F3B51F /* CNFParser.m */ = {isa = PBXFileReference; lastKnownFileType = sourcecode.c.objc; path = CNFParser.m; sourceTree = "<group>"; };
		300359491FC0700900F3B51F /* background.png */ = {isa = PBXFileReference; lastKnownFileType = image.png; path = background.png; sourceTree = "<group>"; };
		3003594B1FC0715B00F3B51F /* CNFTextField.h */ = {isa = PBXFileReference; lastKnownFileType = sourcecode.c.h; path = CNFTextField.h; sourceTree = "<group>"; };
		3003594C1FC0715B00F3B51F /* CNFTextField.m */ = {isa = PBXFileReference; lastKnownFileType = sourcecode.c.objc; path = CNFTextField.m; sourceTree = "<group>"; };
		303D07181FC004B000FE6D83 /* chipnflip.app */ = {isa = PBXFileReference; explicitFileType = wrapper.application; includeInIndex = 0; path = chipnflip.app; sourceTree = BUILT_PRODUCTS_DIR; };
		303D071B1FC004B000FE6D83 /* AppDelegate.h */ = {isa = PBXFileReference; lastKnownFileType = sourcecode.c.h; path = AppDelegate.h; sourceTree = "<group>"; };
		303D071C1FC004B000FE6D83 /* AppDelegate.m */ = {isa = PBXFileReference; lastKnownFileType = sourcecode.c.objc; path = AppDelegate.m; sourceTree = "<group>"; };
		303D071E1FC004B000FE6D83 /* GameScene.sks */ = {isa = PBXFileReference; lastKnownFileType = file.sks; path = GameScene.sks; sourceTree = "<group>"; };
		303D07201FC004B000FE6D83 /* Actions.sks */ = {isa = PBXFileReference; lastKnownFileType = file.sks; path = Actions.sks; sourceTree = "<group>"; };
		303D07221FC004B000FE6D83 /* GameScene.h */ = {isa = PBXFileReference; lastKnownFileType = sourcecode.c.h; path = GameScene.h; sourceTree = "<group>"; };
		303D07231FC004B000FE6D83 /* GameScene.m */ = {isa = PBXFileReference; lastKnownFileType = sourcecode.c.objc; path = GameScene.m; sourceTree = "<group>"; };
		303D07251FC004B000FE6D83 /* GameViewController.h */ = {isa = PBXFileReference; lastKnownFileType = sourcecode.c.h; path = GameViewController.h; sourceTree = "<group>"; };
		303D07261FC004B000FE6D83 /* GameViewController.m */ = {isa = PBXFileReference; lastKnownFileType = sourcecode.c.objc; path = GameViewController.m; sourceTree = "<group>"; };
		303D07291FC004B000FE6D83 /* Base */ = {isa = PBXFileReference; lastKnownFileType = file.storyboard; name = Base; path = Base.lproj/Main.storyboard; sourceTree = "<group>"; };
		303D072B1FC004B000FE6D83 /* Assets.xcassets */ = {isa = PBXFileReference; lastKnownFileType = folder.assetcatalog; path = Assets.xcassets; sourceTree = "<group>"; };
		303D072E1FC004B000FE6D83 /* Base */ = {isa = PBXFileReference; lastKnownFileType = file.storyboard; name = Base; path = Base.lproj/LaunchScreen.storyboard; sourceTree = "<group>"; };
		303D07301FC004B000FE6D83 /* Info.plist */ = {isa = PBXFileReference; lastKnownFileType = text.plist.xml; path = Info.plist; sourceTree = "<group>"; };
		303D07311FC004B000FE6D83 /* main.m */ = {isa = PBXFileReference; lastKnownFileType = sourcecode.c.objc; path = main.m; sourceTree = "<group>"; };
		303D35761FC1244D0091719D /* user.png */ = {isa = PBXFileReference; lastKnownFileType = image.png; path = user.png; sourceTree = "<group>"; };
		303D35781FC127990091719D /* CNFInvertButton.h */ = {isa = PBXFileReference; lastKnownFileType = sourcecode.c.h; path = CNFInvertButton.h; sourceTree = "<group>"; };
		303D35791FC127990091719D /* CNFInvertButton.m */ = {isa = PBXFileReference; lastKnownFileType = sourcecode.c.objc; path = CNFInvertButton.m; sourceTree = "<group>"; };
		303D357B1FC138B70091719D /* CNFColor.h */ = {isa = PBXFileReference; lastKnownFileType = sourcecode.c.h; path = CNFColor.h; sourceTree = "<group>"; };
		303D357C1FC138B70091719D /* CNFColor.m */ = {isa = PBXFileReference; lastKnownFileType = sourcecode.c.objc; path = CNFColor.m; sourceTree = "<group>"; };
		303D357E1FC13CEF0091719D /* background2.png */ = {isa = PBXFileReference; lastKnownFileType = image.png; path = background2.png; sourceTree = "<group>"; };
		303D35801FC13CF60091719D /* icon.png */ = {isa = PBXFileReference; lastKnownFileType = image.png; path = icon.png; sourceTree = "<group>"; };
		303D35821FC142450091719D /* background3.png */ = {isa = PBXFileReference; lastKnownFileType = image.png; path = background3.png; sourceTree = "<group>"; };
		303D35881FC14E530091719D /* back.peer.png */ = {isa = PBXFileReference; lastKnownFileType = image.png; path = back.peer.png; sourceTree = "<group>"; };
		3046BB041FC012220021F3F0 /* LoginViewController.h */ = {isa = PBXFileReference; lastKnownFileType = sourcecode.c.h; path = LoginViewController.h; sourceTree = "<group>"; };
		3046BB051FC012220021F3F0 /* LoginViewController.m */ = {isa = PBXFileReference; lastKnownFileType = sourcecode.c.objc; path = LoginViewController.m; sourceTree = "<group>"; };
		3046BB081FC0170E0021F3F0 /* CNFLog.h */ = {isa = PBXFileReference; lastKnownFileType = sourcecode.c.h; path = CNFLog.h; sourceTree = "<group>"; };
		3046BB091FC018E70021F3F0 /* RegistrationViewController.h */ = {isa = PBXFileReference; lastKnownFileType = sourcecode.c.h; path = RegistrationViewController.h; sourceTree = "<group>"; };
		3046BB0A1FC018E70021F3F0 /* RegistrationViewController.m */ = {isa = PBXFileReference; lastKnownFileType = sourcecode.c.objc; path = RegistrationViewController.m; sourceTree = "<group>"; };
		3046BB0C1FC01DFA0021F3F0 /* GameInfoViewController.h */ = {isa = PBXFileReference; lastKnownFileType = sourcecode.c.h; path = GameInfoViewController.h; sourceTree = "<group>"; };
		3046BB0D1FC01DFA0021F3F0 /* GameInfoViewController.m */ = {isa = PBXFileReference; lastKnownFileType = sourcecode.c.objc; path = GameInfoViewController.m; sourceTree = "<group>"; };
		3046BB131FC033350021F3F0 /* wchip.png */ = {isa = PBXFileReference; lastKnownFileType = image.png; path = wchip.png; sourceTree = "<group>"; };
		3046BB141FC033350021F3F0 /* bchip.png */ = {isa = PBXFileReference; lastKnownFileType = image.png; path = bchip.png; sourceTree = "<group>"; };
		3046BB171FC0470F0021F3F0 /* CNFButton.h */ = {isa = PBXFileReference; lastKnownFileType = sourcecode.c.h; path = CNFButton.h; sourceTree = "<group>"; };
		3046BB181FC0470F0021F3F0 /* CNFButton.m */ = {isa = PBXFileReference; lastKnownFileType = sourcecode.c.objc; path = CNFButton.m; sourceTree = "<group>"; };
		515324A85A247487B1EB0617 /* Pods-chipnflip.release.xcconfig */ = {isa = PBXFileReference; includeInIndex = 1; lastKnownFileType = text.xcconfig; name = "Pods-chipnflip.release.xcconfig"; path = "Pods/Target Support Files/Pods-chipnflip/Pods-chipnflip.release.xcconfig"; sourceTree = "<group>"; };
		8A27F4AA2BDEDFED2601984F /* libPods-chipnflip.a */ = {isa = PBXFileReference; explicitFileType = archive.ar; includeInIndex = 0; path = "libPods-chipnflip.a"; sourceTree = BUILT_PRODUCTS_DIR; };
		E9D262D2440D8AE56BD17632 /* Pods-chipnflip.debug.xcconfig */ = {isa = PBXFileReference; includeInIndex = 1; lastKnownFileType = text.xcconfig; name = "Pods-chipnflip.debug.xcconfig"; path = "Pods/Target Support Files/Pods-chipnflip/Pods-chipnflip.debug.xcconfig"; sourceTree = "<group>"; };
/* End PBXFileReference section */

/* Begin PBXFrameworksBuildPhase section */
		303D07151FC004B000FE6D83 /* Frameworks */ = {
			isa = PBXFrameworksBuildPhase;
			buildActionMask = 2147483647;
			files = (
				14D81D21E50AC799CDB25CE1 /* libPods-chipnflip.a in Frameworks */,
			);
			runOnlyForDeploymentPostprocessing = 0;
		};
/* End PBXFrameworksBuildPhase section */

/* Begin PBXGroup section */
		2D7A53D79CBF69ABF73FC044 /* Frameworks */ = {
			isa = PBXGroup;
			children = (
				8A27F4AA2BDEDFED2601984F /* libPods-chipnflip.a */,
			);
			name = Frameworks;
			sourceTree = "<group>";
		};
		303D070F1FC004B000FE6D83 = {
			isa = PBXGroup;
			children = (
				303D071A1FC004B000FE6D83 /* chipnflip */,
				303D07191FC004B000FE6D83 /* Products */,
				AACBA4375BAEE6FCCFFFB4D3 /* Pods */,
				2D7A53D79CBF69ABF73FC044 /* Frameworks */,
			);
			sourceTree = "<group>";
			usesTabs = 1;
		};
		303D07191FC004B000FE6D83 /* Products */ = {
			isa = PBXGroup;
			children = (
				303D07181FC004B000FE6D83 /* chipnflip.app */,
			);
			name = Products;
			sourceTree = "<group>";
		};
		303D071A1FC004B000FE6D83 /* chipnflip */ = {
			isa = PBXGroup;
			children = (
				3046BB121FC033350021F3F0 /* Images */,
				3046BB071FC016D10021F3F0 /* Util */,
				303D071B1FC004B000FE6D83 /* AppDelegate.h */,
				303D071C1FC004B000FE6D83 /* AppDelegate.m */,
				303D071E1FC004B000FE6D83 /* GameScene.sks */,
				303D07201FC004B000FE6D83 /* Actions.sks */,
				303D07221FC004B000FE6D83 /* GameScene.h */,
				303D07231FC004B000FE6D83 /* GameScene.m */,
				303D07251FC004B000FE6D83 /* GameViewController.h */,
				303D07261FC004B000FE6D83 /* GameViewController.m */,
				303D07281FC004B000FE6D83 /* Main.storyboard */,
				303D072B1FC004B000FE6D83 /* Assets.xcassets */,
				303D072D1FC004B000FE6D83 /* LaunchScreen.storyboard */,
				303D07301FC004B000FE6D83 /* Info.plist */,
				303D07311FC004B000FE6D83 /* main.m */,
				3046BB041FC012220021F3F0 /* LoginViewController.h */,
				3046BB051FC012220021F3F0 /* LoginViewController.m */,
				3046BB091FC018E70021F3F0 /* RegistrationViewController.h */,
				3046BB0A1FC018E70021F3F0 /* RegistrationViewController.m */,
				3046BB0C1FC01DFA0021F3F0 /* GameInfoViewController.h */,
				3046BB0D1FC01DFA0021F3F0 /* GameInfoViewController.m */,
			);
			path = chipnflip;
			sourceTree = "<group>";
		};
		3046BB071FC016D10021F3F0 /* Util */ = {
			isa = PBXGroup;
			children = (
				3046BB081FC0170E0021F3F0 /* CNFLog.h */,
				3046BB171FC0470F0021F3F0 /* CNFButton.h */,
				3046BB181FC0470F0021F3F0 /* CNFButton.m */,
				300359421FC0558200F3B51F /* CNFConnection.h */,
				300359431FC0558200F3B51F /* CNFConnection.m */,
				300359451FC057D400F3B51F /* CNFWeakArray.h */,
				300359461FC0628E00F3B51F /* CNFParser.h */,
				300359471FC0628E00F3B51F /* CNFParser.m */,
				3003594B1FC0715B00F3B51F /* CNFTextField.h */,
				3003594C1FC0715B00F3B51F /* CNFTextField.m */,
				303D35781FC127990091719D /* CNFInvertButton.h */,
				303D35791FC127990091719D /* CNFInvertButton.m */,
				303D357B1FC138B70091719D /* CNFColor.h */,
				303D357C1FC138B70091719D /* CNFColor.m */,
			);
			path = Util;
			sourceTree = "<group>";
		};
		3046BB121FC033350021F3F0 /* Images */ = {
			isa = PBXGroup;
			children = (
				303D35881FC14E530091719D /* back.peer.png */,
				303D35821FC142450091719D /* background3.png */,
				300359491FC0700900F3B51F /* background.png */,
				303D35801FC13CF60091719D /* icon.png */,
				303D357E1FC13CEF0091719D /* background2.png */,
				3046BB141FC033350021F3F0 /* bchip.png */,
				3046BB131FC033350021F3F0 /* wchip.png */,
				303D35761FC1244D0091719D /* user.png */,
			);
			path = Images;
			sourceTree = "<group>";
		};
		AACBA4375BAEE6FCCFFFB4D3 /* Pods */ = {
			isa = PBXGroup;
			children = (
				E9D262D2440D8AE56BD17632 /* Pods-chipnflip.debug.xcconfig */,
				515324A85A247487B1EB0617 /* Pods-chipnflip.release.xcconfig */,
			);
			name = Pods;
			sourceTree = "<group>";
		};
/* End PBXGroup section */

/* Begin PBXNativeTarget section */
		303D07171FC004B000FE6D83 /* chipnflip */ = {
			isa = PBXNativeTarget;
			buildConfigurationList = 303D07351FC004B000FE6D83 /* Build configuration list for PBXNativeTarget "chipnflip" */;
			buildPhases = (
				D6B333658F4A6A59E6487102 /* [CP] Check Pods Manifest.lock */,
				303D07141FC004B000FE6D83 /* Sources */,
				303D07151FC004B000FE6D83 /* Frameworks */,
				303D07161FC004B000FE6D83 /* Resources */,
				81440A58047BD3EA3C2499B9 /* [CP] Embed Pods Frameworks */,
				3A4FD8281422DBC59ABC76B2 /* [CP] Copy Pods Resources */,
			);
			buildRules = (
			);
			dependencies = (
			);
			name = chipnflip;
			productName = chipnflip;
			productReference = 303D07181FC004B000FE6D83 /* chipnflip.app */;
			productType = "com.apple.product-type.application";
		};
/* End PBXNativeTarget section */

/* Begin PBXProject section */
		303D07101FC004B000FE6D83 /* Project object */ = {
			isa = PBXProject;
			attributes = {
				LastUpgradeCheck = 0910;
				ORGANIZATIONNAME = roman.shpuntov;
				TargetAttributes = {
					303D07171FC004B000FE6D83 = {
						CreatedOnToolsVersion = 9.1;
						ProvisioningStyle = Automatic;
					};
				};
			};
			buildConfigurationList = 303D07131FC004B000FE6D83 /* Build configuration list for PBXProject "chipnflip" */;
			compatibilityVersion = "Xcode 8.0";
			developmentRegion = en;
			hasScannedForEncodings = 0;
			knownRegions = (
				en,
				Base,
			);
			mainGroup = 303D070F1FC004B000FE6D83;
			productRefGroup = 303D07191FC004B000FE6D83 /* Products */;
			projectDirPath = "";
			projectRoot = "";
			targets = (
				303D07171FC004B000FE6D83 /* chipnflip */,
			);
		};
/* End PBXProject section */

/* Begin PBXResourcesBuildPhase section */
		303D07161FC004B000FE6D83 /* Resources */ = {
			isa = PBXResourcesBuildPhase;
			buildActionMask = 2147483647;
			files = (
				3046BB161FC033350021F3F0 /* bchip.png in Resources */,
				303D35831FC142450091719D /* background3.png in Resources */,
				3003594A1FC0700900F3B51F /* background.png in Resources */,
				303D357F1FC13CEF0091719D /* background2.png in Resources */,
				303D35771FC1244E0091719D /* user.png in Resources */,
				303D072A1FC004B000FE6D83 /* Main.storyboard in Resources */,
				303D071F1FC004B000FE6D83 /* GameScene.sks in Resources */,
				303D35811FC13CF70091719D /* icon.png in Resources */,
				303D072C1FC004B000FE6D83 /* Assets.xcassets in Resources */,
				303D358A1FC14E530091719D /* back.peer.png in Resources */,
				303D072F1FC004B000FE6D83 /* LaunchScreen.storyboard in Resources */,
				303D07211FC004B000FE6D83 /* Actions.sks in Resources */,
				3046BB151FC033350021F3F0 /* wchip.png in Resources */,
			);
			runOnlyForDeploymentPostprocessing = 0;
		};
/* End PBXResourcesBuildPhase section */

/* Begin PBXShellScriptBuildPhase section */
		3A4FD8281422DBC59ABC76B2 /* [CP] Copy Pods Resources */ = {
			isa = PBXShellScriptBuildPhase;
			buildActionMask = 2147483647;
			files = (
			);
			inputPaths = (
			);
			name = "[CP] Copy Pods Resources";
			outputPaths = (
			);
			runOnlyForDeploymentPostprocessing = 0;
			shellPath = /bin/sh;
			shellScript = "\"${SRCROOT}/Pods/Target Support Files/Pods-chipnflip/Pods-chipnflip-resources.sh\"\n";
			showEnvVarsInLog = 0;
		};
		81440A58047BD3EA3C2499B9 /* [CP] Embed Pods Frameworks */ = {
			isa = PBXShellScriptBuildPhase;
			buildActionMask = 2147483647;
			files = (
			);
			inputPaths = (
			);
			name = "[CP] Embed Pods Frameworks";
			outputPaths = (
			);
			runOnlyForDeploymentPostprocessing = 0;
			shellPath = /bin/sh;
			shellScript = "\"${SRCROOT}/Pods/Target Support Files/Pods-chipnflip/Pods-chipnflip-frameworks.sh\"\n";
			showEnvVarsInLog = 0;
		};
		D6B333658F4A6A59E6487102 /* [CP] Check Pods Manifest.lock */ = {
			isa = PBXShellScriptBuildPhase;
			buildActionMask = 2147483647;
			files = (
			);
			inputPaths = (
				"${PODS_PODFILE_DIR_PATH}/Podfile.lock",
				"${PODS_ROOT}/Manifest.lock",
			);
			name = "[CP] Check Pods Manifest.lock";
			outputPaths = (
				"$(DERIVED_FILE_DIR)/Pods-chipnflip-checkManifestLockResult.txt",
			);
			runOnlyForDeploymentPostprocessing = 0;
			shellPath = /bin/sh;
			shellScript = "diff \"${PODS_PODFILE_DIR_PATH}/Podfile.lock\" \"${PODS_ROOT}/Manifest.lock\" > /dev/null\nif [ $? != 0 ] ; then\n    # print error to STDERR\n    echo \"error: The sandbox is not in sync with the Podfile.lock. Run 'pod install' or update your CocoaPods installation.\" >&2\n    exit 1\nfi\n# This output is used by Xcode 'outputs' to avoid re-running this script phase.\necho \"SUCCESS\" > \"${SCRIPT_OUTPUT_FILE_0}\"\n";
			showEnvVarsInLog = 0;
		};
/* End PBXShellScriptBuildPhase section */

/* Begin PBXSourcesBuildPhase section */
		303D07141FC004B000FE6D83 /* Sources */ = {
			isa = PBXSourcesBuildPhase;
			buildActionMask = 2147483647;
			files = (
				303D07241FC004B000FE6D83 /* GameScene.m in Sources */,
				3046BB191FC0470F0021F3F0 /* CNFButton.m in Sources */,
				303D357D1FC138B70091719D /* CNFColor.m in Sources */,
				300359481FC0628E00F3B51F /* CNFParser.m in Sources */,
				3046BB0B1FC018E70021F3F0 /* RegistrationViewController.m in Sources */,
				3003594D1FC0715B00F3B51F /* CNFTextField.m in Sources */,
				300359441FC0558200F3B51F /* CNFConnection.m in Sources */,
				303D07271FC004B000FE6D83 /* GameViewController.m in Sources */,
				303D07321FC004B000FE6D83 /* main.m in Sources */,
				303D071D1FC004B000FE6D83 /* AppDelegate.m in Sources */,
				3046BB0E1FC01DFA0021F3F0 /* GameInfoViewController.m in Sources */,
				3046BB061FC012220021F3F0 /* LoginViewController.m in Sources */,
				303D357A1FC127990091719D /* CNFInvertButton.m in Sources */,
			);
			runOnlyForDeploymentPostprocessing = 0;
		};
/* End PBXSourcesBuildPhase section */

/* Begin PBXVariantGroup section */
		303D07281FC004B000FE6D83 /* Main.storyboard */ = {
			isa = PBXVariantGroup;
			children = (
				303D07291FC004B000FE6D83 /* Base */,
			);
			name = Main.storyboard;
			sourceTree = "<group>";
		};
		303D072D1FC004B000FE6D83 /* LaunchScreen.storyboard */ = {
			isa = PBXVariantGroup;
			children = (
				303D072E1FC004B000FE6D83 /* Base */,
			);
			name = LaunchScreen.storyboard;
			sourceTree = "<group>";
		};
/* End PBXVariantGroup section */

/* Begin XCBuildConfiguration section */
		303D07331FC004B000FE6D83 /* Debug */ = {
			isa = XCBuildConfiguration;
			buildSettings = {
				ALWAYS_SEARCH_USER_PATHS = NO;
				CLANG_ANALYZER_NONNULL = YES;
				CLANG_ANALYZER_NUMBER_OBJECT_CONVERSION = YES_AGGRESSIVE;
				CLANG_CXX_LANGUAGE_STANDARD = "gnu++14";
				CLANG_CXX_LIBRARY = "libc++";
				CLANG_ENABLE_MODULES = YES;
				CLANG_ENABLE_OBJC_ARC = YES;
				CLANG_WARN_BLOCK_CAPTURE_AUTORELEASING = YES;
				CLANG_WARN_BOOL_CONVERSION = YES;
				CLANG_WARN_COMMA = YES;
				CLANG_WARN_CONSTANT_CONVERSION = YES;
				CLANG_WARN_DIRECT_OBJC_ISA_USAGE = YES_ERROR;
				CLANG_WARN_DOCUMENTATION_COMMENTS = YES;
				CLANG_WARN_EMPTY_BODY = YES;
				CLANG_WARN_ENUM_CONVERSION = YES;
				CLANG_WARN_INFINITE_RECURSION = YES;
				CLANG_WARN_INT_CONVERSION = YES;
				CLANG_WARN_NON_LITERAL_NULL_CONVERSION = YES;
				CLANG_WARN_OBJC_LITERAL_CONVERSION = YES;
				CLANG_WARN_OBJC_ROOT_CLASS = YES_ERROR;
				CLANG_WARN_RANGE_LOOP_ANALYSIS = YES;
				CLANG_WARN_STRICT_PROTOTYPES = YES;
				CLANG_WARN_SUSPICIOUS_MOVE = YES;
				CLANG_WARN_UNGUARDED_AVAILABILITY = YES_AGGRESSIVE;
				CLANG_WARN_UNREACHABLE_CODE = YES;
				CLANG_WARN__DUPLICATE_METHOD_MATCH = YES;
				CODE_SIGN_IDENTITY = "iPhone Developer";
				COPY_PHASE_STRIP = NO;
				DEBUG_INFORMATION_FORMAT = dwarf;
				ENABLE_STRICT_OBJC_MSGSEND = YES;
				ENABLE_TESTABILITY = YES;
				GCC_C_LANGUAGE_STANDARD = gnu11;
				GCC_DYNAMIC_NO_PIC = NO;
				GCC_NO_COMMON_BLOCKS = YES;
				GCC_OPTIMIZATION_LEVEL = 0;
				GCC_PREPROCESSOR_DEFINITIONS = (
					"DEBUG=1",
					"$(inherited)",
				);
				GCC_WARN_64_TO_32_BIT_CONVERSION = YES;
				GCC_WARN_ABOUT_RETURN_TYPE = YES_ERROR;
				GCC_WARN_UNDECLARED_SELECTOR = YES;
				GCC_WARN_UNINITIALIZED_AUTOS = YES_AGGRESSIVE;
				GCC_WARN_UNUSED_FUNCTION = YES;
				GCC_WARN_UNUSED_VARIABLE = YES;
				IPHONEOS_DEPLOYMENT_TARGET = 10.0;
				MTL_ENABLE_DEBUG_INFO = YES;
				ONLY_ACTIVE_ARCH = YES;
				SDKROOT = iphoneos;
			};
			name = Debug;
		};
		303D07341FC004B000FE6D83 /* Release */ = {
			isa = XCBuildConfiguration;
			buildSettings = {
				ALWAYS_SEARCH_USER_PATHS = NO;
				CLANG_ANALYZER_NONNULL = YES;
				CLANG_ANALYZER_NUMBER_OBJECT_CONVERSION = YES_AGGRESSIVE;
				CLANG_CXX_LANGUAGE_STANDARD = "gnu++14";
				CLANG_CXX_LIBRARY = "libc++";
				CLANG_ENABLE_MODULES = YES;
				CLANG_ENABLE_OBJC_ARC = YES;
				CLANG_WARN_BLOCK_CAPTURE_AUTORELEASING = YES;
				CLANG_WARN_BOOL_CONVERSION = YES;
				CLANG_WARN_COMMA = YES;
				CLANG_WARN_CONSTANT_CONVERSION = YES;
				CLANG_WARN_DIRECT_OBJC_ISA_USAGE = YES_ERROR;
				CLANG_WARN_DOCUMENTATION_COMMENTS = YES;
				CLANG_WARN_EMPTY_BODY = YES;
				CLANG_WARN_ENUM_CONVERSION = YES;
				CLANG_WARN_INFINITE_RECURSION = YES;
				CLANG_WARN_INT_CONVERSION = YES;
				CLANG_WARN_NON_LITERAL_NULL_CONVERSION = YES;
				CLANG_WARN_OBJC_LITERAL_CONVERSION = YES;
				CLANG_WARN_OBJC_ROOT_CLASS = YES_ERROR;
				CLANG_WARN_RANGE_LOOP_ANALYSIS = YES;
				CLANG_WARN_STRICT_PROTOTYPES = YES;
				CLANG_WARN_SUSPICIOUS_MOVE = YES;
				CLANG_WARN_UNGUARDED_AVAILABILITY = YES_AGGRESSIVE;
				CLANG_WARN_UNREACHABLE_CODE = YES;
				CLANG_WARN__DUPLICATE_METHOD_MATCH = YES;
				CODE_SIGN_IDENTITY = "iPhone Developer";
				COPY_PHASE_STRIP = NO;
				DEBUG_INFORMATION_FORMAT = "dwarf-with-dsym";
				ENABLE_NS_ASSERTIONS = NO;
				ENABLE_STRICT_OBJC_MSGSEND = YES;
				GCC_C_LANGUAGE_STANDARD = gnu11;
				GCC_NO_COMMON_BLOCKS = YES;
				GCC_WARN_64_TO_32_BIT_CONVERSION = YES;
				GCC_WARN_ABOUT_RETURN_TYPE = YES_ERROR;
				GCC_WARN_UNDECLARED_SELECTOR = YES;
				GCC_WARN_UNINITIALIZED_AUTOS = YES_AGGRESSIVE;
				GCC_WARN_UNUSED_FUNCTION = YES;
				GCC_WARN_UNUSED_VARIABLE = YES;
				IPHONEOS_DEPLOYMENT_TARGET = 10.0;
				MTL_ENABLE_DEBUG_INFO = NO;
				SDKROOT = iphoneos;
				VALIDATE_PRODUCT = YES;
			};
			name = Release;
		};
		303D07361FC004B000FE6D83 /* Debug */ = {
			isa = XCBuildConfiguration;
			baseConfigurationReference = E9D262D2440D8AE56BD17632 /* Pods-chipnflip.debug.xcconfig */;
			buildSettings = {
				ASSETCATALOG_COMPILER_APPICON_NAME = AppIcon;
				CODE_SIGN_STYLE = Automatic;
				DEVELOPMENT_TEAM = 4ELPU988BP;
				INFOPLIST_FILE = chipnflip/Info.plist;
				IPHONEOS_DEPLOYMENT_TARGET = 10.0;
				LD_RUNPATH_SEARCH_PATHS = "$(inherited) @executable_path/Frameworks";
				PRODUCT_BUNDLE_IDENTIFIER = roman.shpuntov.chipnflip;
				PRODUCT_NAME = "$(TARGET_NAME)";
				TARGETED_DEVICE_FAMILY = "1,2";
			};
			name = Debug;
		};
		303D07371FC004B000FE6D83 /* Release */ = {
			isa = XCBuildConfiguration;
			baseConfigurationReference = 515324A85A247487B1EB0617 /* Pods-chipnflip.release.xcconfig */;
			buildSettings = {
				ASSETCATALOG_COMPILER_APPICON_NAME = AppIcon;
				CODE_SIGN_STYLE = Automatic;
				DEVELOPMENT_TEAM = 4ELPU988BP;
				INFOPLIST_FILE = chipnflip/Info.plist;
				IPHONEOS_DEPLOYMENT_TARGET = 10.0;
				LD_RUNPATH_SEARCH_PATHS = "$(inherited) @executable_path/Frameworks";
				PRODUCT_BUNDLE_IDENTIFIER = roman.shpuntov.chipnflip;
				PRODUCT_NAME = "$(TARGET_NAME)";
				TARGETED_DEVICE_FAMILY = "1,2";
			};
			name = Release;
		};
/* End XCBuildConfiguration section */

/* Begin XCConfigurationList section */
		303D07131FC004B000FE6D83 /* Build configuration list for PBXProject "chipnflip" */ = {
			isa = XCConfigurationList;
			buildConfigurations = (
				303D07331FC004B000FE6D83 /* Debug */,
				303D07341FC004B000FE6D83 /* Release */,
			);
			defaultConfigurationIsVisible = 0;
			defaultConfigurationName = Release;
		};
		303D07351FC004B000FE6D83 /* Build configuration list for PBXNativeTarget "chipnflip" */ = {
			isa = XCConfigurationList;
			buildConfigurations = (
				303D07361FC004B000FE6D83 /* Debug */,
				303D07371FC004B000FE6D83 /* Release */,
			);
			defaultConfigurationIsVisible = 0;
			defaultConfigurationName = Release;
		};
/* End XCConfigurationList section */
	};
	rootObject = 303D07101FC004B000FE6D83 /* Project object */;
}
